
Microsoft Visual Studio Solution File, Format Version 12.00
# Visual Studio 15
VisualStudioVersion = 15.0.27004.2010
MinimumVisualStudioVersion = 10.0.40219.1
Project("{8BC9CEB8-8B4A-11D0-8D11-00A0C91BC942}") = "Part1", "Part1\Part1.vcxproj", "{75AD6DBB-ACC0-4785-9B33-405E0A50440F}"
EndProject
Project("{8BC9CEB8-8B4A-11D0-8D11-00A0C91BC942}") = "Part2", "Part2\Part2.vcxproj", "{BA39F3AD-E3AC-41FB-BA33-635B4C49EAE1}"
EndProject
Global
	GlobalSection(SolutionConfigurationPlatforms) = preSolution
		Debug|x64 = Debug|x64
		Debug|x86 = Debug|x86
		Release|x64 = Release|x64
		Release|x86 = Release|x86
	EndGlobalSection
	GlobalSection(ProjectConfigurationPlatforms) = postSolution
		{75AD6DBB-ACC0-4785-9B33-405E0A50440F}.Debug|x64.ActiveCfg = Debug|x64
		{75AD6DBB-ACC0-4785-9B33-405E0A50440F}.Debug|x64.Build.0 = Debug|x64
		{75AD6DBB-ACC0-4785-9B33-405E0A50440F}.Debug|x86.ActiveCfg = Debug|Win32
		{75AD6DBB-ACC0-4785-9B33-405E0A50440F}.Debug|x86.Build.0 = Debug|Win32
		{75AD6DBB-ACC0-4785-9B33-405E0A50440F}.Release|x64.ActiveCfg = Release|x64
		{75AD6DBB-ACC0-4785-9B33-405E0A50440F}.Release|x64.Build.0 = Release|x64
		{75AD6DBB-ACC0-4785-9B33-405E0A50440F}.Release|x86.ActiveCfg = Release|Win32
		{75AD6DBB-ACC0-4785-9B33-405E0A50440F}.Release|x86.Build.0 = Release|Win32
		{BA39F3AD-E3AC-41FB-BA33-635B4C49EAE1}.Debug|x64.ActiveCfg = Debug|x64
		{BA39F3AD-E3AC-41FB-BA33-635B4C49EAE1}.Debug|x64.Build.0 = Debug|x64
		{BA39F3AD-E3AC-41FB-BA33-635B4C49EAE1}.Debug|x86.ActiveCfg = Debug|Win32
		{BA39F3AD-E3AC-41FB-BA33-635B4C49EAE1}.Debug|x86.Build.0 = Debug|Win32
		{BA39F3AD-E3AC-41FB-BA33-635B4C49EAE1}.Release|x64.ActiveCfg = Release|x64
		{BA39F3AD-E3AC-41FB-BA33-635B4C49EAE1}.Release|x64.Build.0 = Release|x64
		{BA39F3AD-E3AC-41FB-BA33-635B4C49EAE1}.Release|x86.ActiveCfg = Release|Win32
		{BA39F3AD-E3AC-41FB-BA33-635B4C49EAE1}.Release|x86.Build.0 = Release|Win32
	EndGlobalSection
	GlobalSection(SolutionProperties) = preSolution
		HideSolutionNode = FALSE
	EndGlobalSection
	GlobalSection(ExtensibilityGlobals) = postSolution
		SolutionGuid = {FF9CFDAC-B622-4CB9-BC4D-22831360EABA}
	EndGlobalSection
EndGlobal
